{
  "originHash" : "e031d6e9f68ef8b60e77e34abf9a223b4f58ae64006d5274e844dc2920f0513d",
  "pins" : [
    {
      "identity" : "client-sdk-swift",
      "kind" : "remoteSourceControl",
      "location" : "https://github.com/livekit/client-sdk-swift.git",
      "state" : {
        "revision" : "d8995b7758cf2174488a4b143b0a2ef08e315719",
        "version" : "2.6.0"
      }
    },
    {
      "identity" : "devicekit",
      "kind" : "remoteSourceControl",
      "location" : "https://github.com/devicekit/DeviceKit.git",
      "state" : {
        "revision" : "513b9d7e7a1bd46504a1009bbab943b75ce2f195",
        "version" : "5.6.0"
      }
    },
    {
      "identity" : "swift-collections",
      "kind" : "remoteSourceControl",
      "location" : "https://github.com/apple/swift-collections.git",
      "state" : {
        "revision" : "c1805596154bb3a265fd91b8ac0c4433b4348fb0",
        "version" : "1.2.0"
      }
    },
    {
      "identity" : "swift-log",
      "kind" : "remoteSourceControl",
      "location" : "https://github.com/apple/swift-log.git",
      "state" : {
        "revision" : "3d8596ed08bd13520157f0355e35caed215ffbfa",
        "version" : "1.6.3"
      }
    },
    {
      "identity" : "swift-protobuf",
      "kind" : "remoteSourceControl",
      "location" : "https://github.com/apple/swift-protobuf.git",
      "state" : {
        "revision" : "102a647b573f60f73afdce5613a51d71349fe507",
        "version" : "1.30.0"
      }
    },
    {
      "identity" : "webrtc-xcframework",
      "kind" : "remoteSourceControl",
      "location" : "https://github.com/livekit/webrtc-xcframework.git",
      "state" : {
        "revision" : "f2c6bd1e65a7ef59c4cd7ee6ba4eb2f96fee2b8a",
        "version" : "125.6422.29"
      }
    }
  ],
  "version" : 3
}
